<?xml version="1.0" encoding="utf-8"?>
<Project ToolsVersion="4.0" xmlns="http://schemas.microsoft.com/developer/msbuild/2003">
  <ItemGroup>
    <Filter Include="ソース ファイル">
      <UniqueIdentifier>{4FC737F1-C7A5-4376-A066-2A32D752A2FF}</UniqueIdentifier>
      <Extensions>cpp;c;cc;cxx;c++;cppm;ixx;def;odl;idl;hpj;bat;asm;asmx</Extensions>
    </Filter>
    <Filter Include="ヘッダー ファイル">
      <UniqueIdentifier>{93995380-89BD-4b04-88EB-625FBE52EBFB}</UniqueIdentifier>
      <Extensions>h;hh;hpp;hxx;h++;hm;inl;inc;ipp;xsd</Extensions>
    </Filter>
    <Filter Include="リソース ファイル">
      <UniqueIdentifier>{67DA6AB6-F800-4c08-8B7A-83BB121AAD01}</UniqueIdentifier>
      <Extensions>rc;ico;cur;bmp;dlg;rc2;rct;bin;rgs;gif;jpg;jpeg;jpe;resx;tiff;tif;png;wav;mfcribbon-ms</Extensions>
    </Filter>
    <Filter Include="ソース ファイル\Character">
      <UniqueIdentifier>{8c751a9b-7043-4d1b-a630-d249418ab3d9}</UniqueIdentifier>
    </Filter>
    <Filter Include="ソース ファイル\Character\Player">
      <UniqueIdentifier>{6ac52a6c-65aa-4ddb-9a60-f3760f3225a0}</UniqueIdentifier>
    </Filter>
    <Filter Include="ソース ファイル\Character\Enemy">
      <UniqueIdentifier>{61a59e53-7dc1-41c1-930b-a3f6fa67d6d4}</UniqueIdentifier>
    </Filter>
    <Filter Include="ソース ファイル\Gun">
      <UniqueIdentifier>{54d60bbc-06b5-4727-ae6c-1ab935f4bda2}</UniqueIdentifier>
    </Filter>
    <Filter Include="ソース ファイル\Gun\Bullet">
      <UniqueIdentifier>{ef3eb02d-59fc-4da6-beef-4cb2f190acf7}</UniqueIdentifier>
    </Filter>
    <Filter Include="ソース ファイル\カメラ">
      <UniqueIdentifier>{e31a8b5e-fd84-4ff7-a82b-dbad9ab0e3e5}</UniqueIdentifier>
    </Filter>
    <Filter Include="ソース ファイル\カメラ\メインカメラ">
      <UniqueIdentifier>{ff5000ab-a895-4b26-bcca-4e5180855313}</UniqueIdentifier>
    </Filter>
    <Filter Include="ソース ファイル\カメラ\FPSカメラ">
      <UniqueIdentifier>{8434e6b5-454c-45a2-b01a-d3808a4ddd8c}</UniqueIdentifier>
    </Filter>
    <Filter Include="ソース ファイル\カメラ\ベース">
      <UniqueIdentifier>{df47fba8-9942-4fdf-85a7-54e8d8d2f365}</UniqueIdentifier>
    </Filter>
    <Filter Include="ヘッダー ファイル\カメラ">
      <UniqueIdentifier>{74ab4c23-3158-4c9f-b2f8-9cfe6d4570ca}</UniqueIdentifier>
    </Filter>
    <Filter Include="ヘッダー ファイル\カメラ\メインカメラ">
      <UniqueIdentifier>{2da117d5-4d7f-4b09-8b87-0993343f8b83}</UniqueIdentifier>
    </Filter>
    <Filter Include="ヘッダー ファイル\カメラ\FPSカメラ">
      <UniqueIdentifier>{1dad78b8-8e03-430e-b547-580d9ea118a1}</UniqueIdentifier>
    </Filter>
    <Filter Include="ヘッダー ファイル\カメラ\ベースカメラ">
      <UniqueIdentifier>{7a56df7a-3358-4883-9617-e327bfff7dca}</UniqueIdentifier>
    </Filter>
  </ItemGroup>
  <ItemGroup>
    <ClCompile Include="source\ApplicationGlobal.cpp">
      <Filter>ソース ファイル</Filter>
    </ClCompile>
    <ClCompile Include="source\ApplicationMain.cpp">
      <Filter>ソース ファイル</Filter>
    </ClCompile>
    <ClCompile Include="source\ModeEffekseer.cpp">
      <Filter>ソース ファイル</Filter>
    </ClCompile>
    <ClCompile Include="source\ModeGame.cpp">
      <Filter>ソース ファイル</Filter>
    </ClCompile>
    <ClCompile Include="source\ModeMenu.cpp">
      <Filter>ソース ファイル</Filter>
    </ClCompile>
    <ClCompile Include="source\CharaBase.cpp">
      <Filter>ソース ファイル\Character</Filter>
    </ClCompile>
    <ClCompile Include="source\Player.cpp">
      <Filter>ソース ファイル\Character\Player</Filter>
    </ClCompile>
    <ClCompile Include="source\mymath.cpp">
      <Filter>ソース ファイル</Filter>
    </ClCompile>
    <ClCompile Include="source\Gun.cpp">
      <Filter>ソース ファイル\Gun</Filter>
    </ClCompile>
    <ClCompile Include="source\Bullet.cpp">
      <Filter>ソース ファイル\Gun\Bullet</Filter>
    </ClCompile>
    <ClCompile Include="source\Enemy.cpp">
      <Filter>ソース ファイル\Character\Enemy</Filter>
    </ClCompile>
    <ClCompile Include="source\ModeGameOver.cpp">
      <Filter>ソース ファイル</Filter>
    </ClCompile>
    <ClCompile Include="source\Title.cpp">
      <Filter>ソース ファイル</Filter>
    </ClCompile>
    <ClCompile Include="source\ModeGameClear.cpp">
      <Filter>ソース ファイル</Filter>
    </ClCompile>
    <ClCompile Include="source\ObjectBase.cpp">
      <Filter>ソース ファイル</Filter>
    </ClCompile>
    <ClCompile Include="source\Camera.cpp">
      <Filter>ソース ファイル\カメラ\メインカメラ</Filter>
    </ClCompile>
    <ClCompile Include="source\fpsCamera.cpp">
      <Filter>ソース ファイル\カメラ\FPSカメラ</Filter>
    </ClCompile>
    <ClCompile Include="source\CameraBase.cpp">
      <Filter>ソース ファイル\カメラ\ベース</Filter>
    </ClCompile>
    <ClCompile Include="source\ObjectFactry.cpp">
      <Filter>ソース ファイル</Filter>
    </ClCompile>
  </ItemGroup>
  <ItemGroup>
    <ClInclude Include="source\ApplicationGlobal.h">
      <Filter>ヘッダー ファイル</Filter>
    </ClInclude>
    <ClInclude Include="source\ApplicationMain.h">
      <Filter>ヘッダー ファイル</Filter>
    </ClInclude>
    <ClInclude Include="source\ModeEffekseer.h">
      <Filter>ヘッダー ファイル</Filter>
    </ClInclude>
    <ClInclude Include="source\ModeGame.h">
      <Filter>ヘッダー ファイル</Filter>
    </ClInclude>
    <ClInclude Include="source\ModeMenu.h">
      <Filter>ヘッダー ファイル</Filter>
    </ClInclude>
    <ClInclude Include="source\CharaBase.h">
      <Filter>ソース ファイル\Character</Filter>
    </ClInclude>
    <ClInclude Include="source\mymath.h">
      <Filter>ヘッダー ファイル</Filter>
    </ClInclude>
    <ClInclude Include="source\Gun.h">
      <Filter>ソース ファイル\Gun</Filter>
    </ClInclude>
    <ClInclude Include="source\Bullet.h">
      <Filter>ソース ファイル\Gun\Bullet</Filter>
    </ClInclude>
    <ClInclude Include="source\Enemy.h">
      <Filter>ソース ファイル\Character\Enemy</Filter>
    </ClInclude>
    <ClInclude Include="source\Player.h">
      <Filter>ソース ファイル\Character\Player</Filter>
    </ClInclude>
    <ClInclude Include="source\ModeGameOver.h">
      <Filter>ヘッダー ファイル</Filter>
    </ClInclude>
    <ClInclude Include="source\Title.h">
      <Filter>ヘッダー ファイル</Filter>
    </ClInclude>
    <ClInclude Include="source\ModeGameClear.h">
      <Filter>ヘッダー ファイル</Filter>
    </ClInclude>
    <ClInclude Include="source\ObjectBase.h">
      <Filter>ヘッダー ファイル</Filter>
    </ClInclude>
    <ClInclude Include="source\Camera.h">
      <Filter>ヘッダー ファイル\カメラ\メインカメラ</Filter>
    </ClInclude>
    <ClInclude Include="source\fpsCamera.h">
      <Filter>ヘッダー ファイル\カメラ\FPSカメラ</Filter>
    </ClInclude>
    <ClInclude Include="source\CameraBase.h">
      <Filter>ヘッダー ファイル\カメラ\ベースカメラ</Filter>
    </ClInclude>
    <ClInclude Include="source\ObjectFactry.h">
      <Filter>ヘッダー ファイル</Filter>
    </ClInclude>
  </ItemGroup>
</Project>