<?xml version="1.0" encoding="utf-8"?>
<Project ToolsVersion="4.0" xmlns="http://schemas.microsoft.com/developer/msbuild/2003">
  <ItemGroup>
    <Filter Include="ソース ファイル">
      <UniqueIdentifier>{4FC737F1-C7A5-4376-A066-2A32D752A2FF}</UniqueIdentifier>
      <Extensions>cpp;c;cc;cxx;c++;cppm;ixx;def;odl;idl;hpj;bat;asm;asmx</Extensions>
    </Filter>
    <Filter Include="ソース ファイル\UI">
      <UniqueIdentifier>{b3d269cc-aeb8-48a0-8da4-48e0f802d24c}</UniqueIdentifier>
    </Filter>
    <Filter Include="ソース ファイル\UI\HUD">
      <UniqueIdentifier>{9f02a50e-7665-4508-8c85-28d427d6e9fc}</UniqueIdentifier>
    </Filter>
    <Filter Include="ソース ファイル\Mode">
      <UniqueIdentifier>{5daf788b-ee48-4094-a36d-250432d2a8ad}</UniqueIdentifier>
    </Filter>
    <Filter Include="ソース ファイル\Mode\ModeGame">
      <UniqueIdentifier>{309b8b72-2d85-46e1-8002-0e396448dde9}</UniqueIdentifier>
    </Filter>
    <Filter Include="ソース ファイル\Mode\ModeGameOver">
      <UniqueIdentifier>{eafbf6f2-b686-4c80-b44b-a04558c20029}</UniqueIdentifier>
    </Filter>
    <Filter Include="ソース ファイル\UI\MenuItems">
      <UniqueIdentifier>{373e19a0-924e-4598-b591-5b410fa8f3fe}</UniqueIdentifier>
    </Filter>
    <Filter Include="ソース ファイル\UI\MenuController">
      <UniqueIdentifier>{bf792730-c8aa-438b-be89-7a1dc26523c0}</UniqueIdentifier>
    </Filter>
    <Filter Include="ソース ファイル\UI\UIBase">
      <UniqueIdentifier>{0199324e-54f4-45b7-84ad-211b55e1a7c3}</UniqueIdentifier>
    </Filter>
    <Filter Include="ソース ファイル\UI\ModeMenu">
      <UniqueIdentifier>{8cb02a1b-6b9b-4f2a-9c05-3930cd21aee7}</UniqueIdentifier>
    </Filter>
    <Filter Include="ソース ファイル\ApplicationGlobal">
      <UniqueIdentifier>{64576f00-8d29-4eb0-b9f9-2573a8eba021}</UniqueIdentifier>
    </Filter>
    <Filter Include="ソース ファイル\ApplicationMain">
      <UniqueIdentifier>{3d0b400b-dae8-490e-b45c-c658ee9abf98}</UniqueIdentifier>
    </Filter>
    <Filter Include="ソース ファイル\UI\UIRender">
      <UniqueIdentifier>{98542e0c-0891-49ae-b86f-520d2523e802}</UniqueIdentifier>
    </Filter>
    <Filter Include="ソース ファイル\System">
      <UniqueIdentifier>{62815c63-ad09-4328-b2c9-8b48499edb5f}</UniqueIdentifier>
    </Filter>
    <Filter Include="ソース ファイル\System\CollisionManager">
      <UniqueIdentifier>{17085fe9-1883-41e9-a1c6-f1c0429ac94e}</UniqueIdentifier>
    </Filter>
    <Filter Include="ソース ファイル\Object">
      <UniqueIdentifier>{acde414e-ab60-4d72-be93-b64d027673f4}</UniqueIdentifier>
    </Filter>
    <Filter Include="ソース ファイル\Object\Character">
      <UniqueIdentifier>{8c751a9b-7043-4d1b-a630-d249418ab3d9}</UniqueIdentifier>
    </Filter>
    <Filter Include="ソース ファイル\Object\Character\Player">
      <UniqueIdentifier>{6ac52a6c-65aa-4ddb-9a60-f3760f3225a0}</UniqueIdentifier>
    </Filter>
    <Filter Include="ソース ファイル\Object\Character\CharaBase">
      <UniqueIdentifier>{2a0b1af3-334c-43bc-ac06-7ff6b3e7b249}</UniqueIdentifier>
    </Filter>
    <Filter Include="ソース ファイル\Object\Character\SpriteCharaBase">
      <UniqueIdentifier>{67428fb2-1789-4984-8d17-49211c10371f}</UniqueIdentifier>
    </Filter>
    <Filter Include="ソース ファイル\Object\ObjectBase">
      <UniqueIdentifier>{53d7306a-d13b-44f1-9126-1100e0d0966b}</UniqueIdentifier>
    </Filter>
    <Filter Include="ソース ファイル\System\ObjectManager">
      <UniqueIdentifier>{44fc49d2-a274-44da-be42-cb5a6b498193}</UniqueIdentifier>
    </Filter>
    <Filter Include="ソース ファイル\System\ObjectFactry">
      <UniqueIdentifier>{87a866be-eaf0-4d1f-bd34-399af60ac9c7}</UniqueIdentifier>
    </Filter>
    <Filter Include="ソース ファイル\Object\Bullet">
      <UniqueIdentifier>{e5e3973e-c60b-4ee2-828b-e61ec797ee49}</UniqueIdentifier>
    </Filter>
    <Filter Include="ソース ファイル\System\BulletManager">
      <UniqueIdentifier>{23880984-e00c-4955-b72b-89003e0c17fb}</UniqueIdentifier>
    </Filter>
    <Filter Include="ソース ファイル\Object\Cube">
      <UniqueIdentifier>{6696e530-6dac-4413-9e18-83c3db2cc40a}</UniqueIdentifier>
    </Filter>
    <Filter Include="ソース ファイル\Camera">
      <UniqueIdentifier>{e31a8b5e-fd84-4ff7-a82b-dbad9ab0e3e5}</UniqueIdentifier>
    </Filter>
    <Filter Include="ソース ファイル\Camera\Camera">
      <UniqueIdentifier>{ff5000ab-a895-4b26-bcca-4e5180855313}</UniqueIdentifier>
    </Filter>
    <Filter Include="ソース ファイル\Camera\fpsCamera">
      <UniqueIdentifier>{8434e6b5-454c-45a2-b01a-d3808a4ddd8c}</UniqueIdentifier>
    </Filter>
    <Filter Include="ソース ファイル\Camera\CameraBase">
      <UniqueIdentifier>{df47fba8-9942-4fdf-85a7-54e8d8d2f365}</UniqueIdentifier>
    </Filter>
    <Filter Include="ソース ファイル\Object\Character\Enemy">
      <UniqueIdentifier>{9d190310-33cf-47d2-8951-edcf7ebbee92}</UniqueIdentifier>
    </Filter>
    <Filter Include="ソース ファイル\Stage//Map">
      <UniqueIdentifier>{f588c41c-d1cc-49fd-9a39-4f26e10a0f1e}</UniqueIdentifier>
    </Filter>
    <Filter Include="ソース ファイル\Effekt">
      <UniqueIdentifier>{b8d2bb2d-e363-4b0f-90e6-3877f372070a}</UniqueIdentifier>
    </Filter>
    <Filter Include="ソース ファイル\Effekt\ModeEffekseer">
      <UniqueIdentifier>{383f87d8-7b27-49b6-92c0-05d6432b76a1}</UniqueIdentifier>
    </Filter>
    <Filter Include="ソース ファイル\Mode\ModeTitle">
      <UniqueIdentifier>{a122c136-bb08-4e58-9676-f2f7b330d1dd}</UniqueIdentifier>
    </Filter>
    <Filter Include="ソース ファイル\Mode\ModeGameClear">
      <UniqueIdentifier>{3f6acb3f-a803-407b-8177-727ada22a437}</UniqueIdentifier>
    </Filter>
    <Filter Include="ソース ファイル\UI\UITitleMenu">
      <UniqueIdentifier>{ddabf5e8-43fb-4c30-8f2b-9157dbac7d96}</UniqueIdentifier>
    </Filter>
  </ItemGroup>
  <ItemGroup>
    <ClCompile Include="source\Player.cpp">
      <Filter>ソース ファイル\Object\Character\Player</Filter>
    </ClCompile>
    <ClCompile Include="source\Camera.cpp">
      <Filter>ソース ファイル\Camera\Camera</Filter>
    </ClCompile>
    <ClCompile Include="source\fpsCamera.cpp">
      <Filter>ソース ファイル\Camera\fpsCamera</Filter>
    </ClCompile>
    <ClCompile Include="source\CameraBase.cpp">
      <Filter>ソース ファイル\Camera\CameraBase</Filter>
    </ClCompile>
    <ClCompile Include="source\CharaBase.cpp">
      <Filter>ソース ファイル\Object\Character\CharaBase</Filter>
    </ClCompile>
    <ClCompile Include="source\ObjectBase.cpp">
      <Filter>ソース ファイル\Object\ObjectBase</Filter>
    </ClCompile>
    <ClCompile Include="source\ObjectFactry.cpp">
      <Filter>ソース ファイル\System\ObjectFactry</Filter>
    </ClCompile>
    <ClCompile Include="source\ObjectManager.cpp">
      <Filter>ソース ファイル\System\ObjectManager</Filter>
    </ClCompile>
    <ClCompile Include="source\SpriteCharaBase.cpp">
      <Filter>ソース ファイル\Object\Character\SpriteCharaBase</Filter>
    </ClCompile>
    <ClCompile Include="source\UIBase.cpp">
      <Filter>ソース ファイル\UI\UIBase</Filter>
    </ClCompile>
    <ClCompile Include="source\UIRender.cpp">
      <Filter>ソース ファイル\UI\UIRender</Filter>
    </ClCompile>
    <ClCompile Include="source\ModeHUD.cpp">
      <Filter>ソース ファイル\UI\HUD</Filter>
    </ClCompile>
    <ClCompile Include="source\ModeMenu.cpp">
      <Filter>ソース ファイル\UI\ModeMenu</Filter>
    </ClCompile>
    <ClCompile Include="source\MenuItems.cpp">
      <Filter>ソース ファイル\UI\MenuItems</Filter>
    </ClCompile>
    <ClCompile Include="source\CollisionManager.cpp">
      <Filter>ソース ファイル\System\CollisionManager</Filter>
    </ClCompile>
    <ClCompile Include="source\ModeGame.cpp">
      <Filter>ソース ファイル\Mode\ModeGame</Filter>
    </ClCompile>
    <ClCompile Include="source\ModeGameClear.cpp">
      <Filter>ソース ファイル\Mode\ModeGameClear</Filter>
    </ClCompile>
    <ClCompile Include="source\ModeGameOver.cpp">
      <Filter>ソース ファイル\Mode\ModeGameOver</Filter>
    </ClCompile>
    <ClCompile Include="source\MenuController.cpp">
      <Filter>ソース ファイル\UI\MenuController</Filter>
    </ClCompile>
    <ClCompile Include="source\ApplicationGlobal.cpp">
      <Filter>ソース ファイル\ApplicationGlobal</Filter>
    </ClCompile>
    <ClCompile Include="source\ApplicationMain.cpp">
      <Filter>ソース ファイル\ApplicationMain</Filter>
    </ClCompile>
    <ClCompile Include="source\Bullet.cpp">
      <Filter>ソース ファイル\Object\Bullet</Filter>
    </ClCompile>
    <ClCompile Include="source\BulletManager.cpp">
      <Filter>ソース ファイル\System\BulletManager</Filter>
    </ClCompile>
    <ClCompile Include="source\Cube.cpp">
      <Filter>ソース ファイル\Object\Cube</Filter>
    </ClCompile>
    <ClCompile Include="source\Enemy.cpp">
      <Filter>ソース ファイル\Object\Character\Enemy</Filter>
    </ClCompile>
    <ClCompile Include="source\StageLoader.cpp">
      <Filter>ソース ファイル\Stage//Map</Filter>
    </ClCompile>
    <ClCompile Include="source\ModeTitle.cpp">
      <Filter>ソース ファイル\Mode\ModeTitle</Filter>
    </ClCompile>
    <ClCompile Include="source\UITitleMenu.cpp">
      <Filter>ソース ファイル\UI\UITitleMenu</Filter>
    </ClCompile>
    <ClCompile Include="source\Background2D.cpp">
      <Filter>ソース ファイル</Filter>
    </ClCompile>
  </ItemGroup>
  <ItemGroup>
    <ClInclude Include="source\ModeGame.h">
      <Filter>ソース ファイル\Mode\ModeGame</Filter>
    </ClInclude>
    <ClInclude Include="source\ModeGameClear.h">
      <Filter>ソース ファイル\Mode\ModeGameClear</Filter>
    </ClInclude>
    <ClInclude Include="source\ModeGameOver.h">
      <Filter>ソース ファイル\Mode\ModeGameOver</Filter>
    </ClInclude>
    <ClInclude Include="source\CharaBase.h">
      <Filter>ソース ファイル\Object\Character\CharaBase</Filter>
    </ClInclude>
    <ClInclude Include="source\SpriteCharaBase.h">
      <Filter>ソース ファイル\Object\Character\SpriteCharaBase</Filter>
    </ClInclude>
    <ClInclude Include="source\Player.h">
      <Filter>ソース ファイル\Object\Character\Player</Filter>
    </ClInclude>
    <ClInclude Include="source\ModeHUD.h">
      <Filter>ソース ファイル\UI\HUD</Filter>
    </ClInclude>
    <ClInclude Include="source\UIBase.h">
      <Filter>ソース ファイル\UI\UIBase</Filter>
    </ClInclude>
    <ClInclude Include="source\MenuItems.h">
      <Filter>ソース ファイル\UI\MenuItems</Filter>
    </ClInclude>
    <ClInclude Include="source\MenuController.h">
      <Filter>ソース ファイル\UI\MenuController</Filter>
    </ClInclude>
    <ClInclude Include="source\ModeMenu.h">
      <Filter>ソース ファイル\UI\ModeMenu</Filter>
    </ClInclude>
    <ClInclude Include="source\UIRender.h">
      <Filter>ソース ファイル\UI\UIRender</Filter>
    </ClInclude>
    <ClInclude Include="source\ObjectBase.h">
      <Filter>ソース ファイル\Object\ObjectBase</Filter>
    </ClInclude>
    <ClInclude Include="source\ObjectManager.h">
      <Filter>ソース ファイル\System\ObjectManager</Filter>
    </ClInclude>
    <ClInclude Include="source\ObjectFactry.h">
      <Filter>ソース ファイル\System\ObjectFactry</Filter>
    </ClInclude>
    <ClInclude Include="source\fpsCamera.h">
      <Filter>ソース ファイル\Camera\fpsCamera</Filter>
    </ClInclude>
    <ClInclude Include="source\CameraBase.h">
      <Filter>ソース ファイル\Camera\CameraBase</Filter>
    </ClInclude>
    <ClInclude Include="source\Camera.h">
      <Filter>ソース ファイル\Camera\Camera</Filter>
    </ClInclude>
    <ClInclude Include="source\CameraManager.h">
      <Filter>ソース ファイル\Camera</Filter>
    </ClInclude>
    <ClInclude Include="source\CollisionManager.h">
      <Filter>ソース ファイル\System\CollisionManager</Filter>
    </ClInclude>
    <ClInclude Include="source\ApplicationGlobal.h">
      <Filter>ソース ファイル\ApplicationGlobal</Filter>
    </ClInclude>
    <ClInclude Include="source\ApplicationMain.h">
      <Filter>ソース ファイル\ApplicationMain</Filter>
    </ClInclude>
    <ClInclude Include="source\Bullet.h">
      <Filter>ソース ファイル\Object\Bullet</Filter>
    </ClInclude>
    <ClInclude Include="source\BulletManager.h">
      <Filter>ソース ファイル\System\BulletManager</Filter>
    </ClInclude>
    <ClInclude Include="source\Cube.h">
      <Filter>ソース ファイル\Object\Cube</Filter>
    </ClInclude>
    <ClInclude Include="source\Enemy.h">
      <Filter>ソース ファイル\Object\Character\Enemy</Filter>
    </ClInclude>
    <ClInclude Include="source\StageLoader.h">
      <Filter>ソース ファイル\Stage//Map</Filter>
    </ClInclude>
    <ClInclude Include="source\ModeTitle.h">
      <Filter>ソース ファイル\Mode\ModeTitle</Filter>
    </ClInclude>
    <ClInclude Include="source\UITitleMenu.h">
      <Filter>ソース ファイル\UI\UITitleMenu</Filter>
    </ClInclude>
    <ClInclude Include="source\Background2D.h" />
  </ItemGroup>
</Project>