<?xml version="1.0" encoding="utf-8"?>
<Project ToolsVersion="4.0" xmlns="http://schemas.microsoft.com/developer/msbuild/2003">
  <ItemGroup>
    <Filter Include="Application">
      <UniqueIdentifier>{45a79270-b5fe-4d25-8b7f-ee6e0374af54}</UniqueIdentifier>
    </Filter>
    <Filter Include="CFile">
      <UniqueIdentifier>{38ea02a2-5289-41f0-a836-0919d8079840}</UniqueIdentifier>
    </Filter>
    <Filter Include="Mode">
      <UniqueIdentifier>{62a97a20-9e08-496b-b3aa-4acb70f7f87e}</UniqueIdentifier>
    </Filter>
  </ItemGroup>
  <ItemGroup>
    <ClCompile Include="source\Application\ApplicationBase.cpp">
      <Filter>Application</Filter>
    </ClCompile>
    <ClCompile Include="source\Application\WinMain.cpp">
      <Filter>Application</Filter>
    </ClCompile>
    <ClCompile Include="source\CFile\CFile.cpp">
      <Filter>CFile</Filter>
    </ClCompile>
    <ClCompile Include="source\Mode\ModeBase.cpp">
      <Filter>Mode</Filter>
    </ClCompile>
    <ClCompile Include="source\Mode\ModeServer.cpp">
      <Filter>Mode</Filter>
    </ClCompile>
  </ItemGroup>
  <ItemGroup>
    <ClInclude Include="source\Application\ApplicationBase.h">
      <Filter>Application</Filter>
    </ClInclude>
    <ClInclude Include="source\Application\UtilMacro.h">
      <Filter>Application</Filter>
    </ClInclude>
    <ClInclude Include="source\CFile\CFile.h">
      <Filter>CFile</Filter>
    </ClInclude>
    <ClInclude Include="source\Mode\ModeBase.h">
      <Filter>Mode</Filter>
    </ClInclude>
    <ClInclude Include="source\Mode\ModeServer.h">
      <Filter>Mode</Filter>
    </ClInclude>
    <ClInclude Include="source\appframe.h">
      <Filter>Application</Filter>
    </ClInclude>
  </ItemGroup>
</Project>